// !$*UTF8*$!
{
	archiveVersion = 1;
	classes = {
	};
	objectVersion = 55;
	objects = {

/* Begin PBXBuildFile section */
		84807BC22946D227008EABDF /* AppDelegate.swift in Sources */ = {isa = PBXBuildFile; fileRef = 84807BC12946D227008EABDF /* AppDelegate.swift */; };
		84807BC42946D227008EABDF /* SceneDelegate.swift in Sources */ = {isa = PBXBuildFile; fileRef = 84807BC32946D227008EABDF /* SceneDelegate.swift */; };
		84807BC62946D227008EABDF /* firstVC.swift in Sources */ = {isa = PBXBuildFile; fileRef = 84807BC52946D227008EABDF /* firstVC.swift */; };
		84807BC92946D227008EABDF /* Main.storyboard in Resources */ = {isa = PBXBuildFile; fileRef = 84807BC72946D227008EABDF /* Main.storyboard */; };
		84807BCB2946D227008EABDF /* Assets.xcassets in Resources */ = {isa = PBXBuildFile; fileRef = 84807BCA2946D227008EABDF /* Assets.xcassets */; };
		84807BCE2946D227008EABDF /* LaunchScreen.storyboard in Resources */ = {isa = PBXBuildFile; fileRef = 84807BCC2946D227008EABDF /* LaunchScreen.storyboard */; };
		84807BD829471EFF008EABDF /* DataModel.swift in Sources */ = {isa = PBXBuildFile; fileRef = 84807BD729471EFF008EABDF /* DataModel.swift */; };
		84807BDA294720A3008EABDF /* Constants.swift in Sources */ = {isa = PBXBuildFile; fileRef = 84807BD9294720A3008EABDF /* Constants.swift */; };
		84807BDC29473C96008EABDF /* secondVC.swift in Sources */ = {isa = PBXBuildFile; fileRef = 84807BDB29473C96008EABDF /* secondVC.swift */; };
/* End PBXBuildFile section */

/* Begin PBXFileReference section */
		84807BBE2946D227008EABDF /* Dec-9-TableViewDEL-UPD.app */ = {isa = PBXFileReference; explicitFileType = wrapper.application; includeInIndex = 0; path = "Dec-9-TableViewDEL-UPD.app"; sourceTree = BUILT_PRODUCTS_DIR; };
		84807BC12946D227008EABDF /* AppDelegate.swift */ = {isa = PBXFileReference; lastKnownFileType = sourcecode.swift; path = AppDelegate.swift; sourceTree = "<group>"; };
		84807BC32946D227008EABDF /* SceneDelegate.swift */ = {isa = PBXFileReference; lastKnownFileType = sourcecode.swift; path = SceneDelegate.swift; sourceTree = "<group>"; };
		84807BC52946D227008EABDF /* firstVC.swift */ = {isa = PBXFileReference; lastKnownFileType = sourcecode.swift; path = firstVC.swift; sourceTree = "<group>"; };
		84807BC82946D227008EABDF /* Base */ = {isa = PBXFileReference; lastKnownFileType = file.storyboard; name = Base; path = Base.lproj/Main.storyboard; sourceTree = "<group>"; };
		84807BCA2946D227008EABDF /* Assets.xcassets */ = {isa = PBXFileReference; lastKnownFileType = folder.assetcatalog; path = Assets.xcassets; sourceTree = "<group>"; };
		84807BCD2946D227008EABDF /* Base */ = {isa = PBXFileReference; lastKnownFileType = file.storyboard; name = Base; path = Base.lproj/LaunchScreen.storyboard; sourceTree = "<group>"; };
		84807BCF2946D227008EABDF /* Info.plist */ = {isa = PBXFileReference; lastKnownFileType = text.plist.xml; path = Info.plist; sourceTree = "<group>"; };
		84807BD729471EFF008EABDF /* DataModel.swift */ = {isa = PBXFileReference; lastKnownFileType = sourcecode.swift; path = DataModel.swift; sourceTree = "<group>"; };
		84807BD9294720A3008EABDF /* Constants.swift */ = {isa = PBXFileReference; lastKnownFileType = sourcecode.swift; path = Constants.swift; sourceTree = "<group>"; };
		84807BDB29473C96008EABDF /* secondVC.swift */ = {isa = PBXFileReference; lastKnownFileType = sourcecode.swift; path = secondVC.swift; sourceTree = "<group>"; };
/* End PBXFileReference section */

/* Begin PBXFrameworksBuildPhase section */
		84807BBB2946D227008EABDF /* Frameworks */ = {
			isa = PBXFrameworksBuildPhase;
			buildActionMask = 2147483647;
			files = (
			);
			runOnlyForDeploymentPostprocessing = 0;
		};
/* End PBXFrameworksBuildPhase section */

/* Begin PBXGroup section */
		84807BB52946D227008EABDF = {
			isa = PBXGroup;
			children = (
				84807BC02946D227008EABDF /* Dec-9-TableViewDEL-UPD */,
				84807BBF2946D227008EABDF /* Products */,
			);
			sourceTree = "<group>";
		};
		84807BBF2946D227008EABDF /* Products */ = {
			isa = PBXGroup;
			children = (
				84807BBE2946D227008EABDF /* Dec-9-TableViewDEL-UPD.app */,
			);
			name = Products;
			sourceTree = "<group>";
		};
		84807BC02946D227008EABDF /* Dec-9-TableViewDEL-UPD */ = {
			isa = PBXGroup;
			children = (
				84807BC12946D227008EABDF /* AppDelegate.swift */,
				84807BC32946D227008EABDF /* SceneDelegate.swift */,
				84807BC52946D227008EABDF /* firstVC.swift */,
				84807BD9294720A3008EABDF /* Constants.swift */,
				84807BD729471EFF008EABDF /* DataModel.swift */,
				84807BC72946D227008EABDF /* Main.storyboard */,
				84807BDB29473C96008EABDF /* secondVC.swift */,
				84807BCA2946D227008EABDF /* Assets.xcassets */,
				84807BCC2946D227008EABDF /* LaunchScreen.storyboard */,
				84807BCF2946D227008EABDF /* Info.plist */,
			);
			path = "Dec-9-TableViewDEL-UPD";
			sourceTree = "<group>";
		};
/* End PBXGroup section */

/* Begin PBXNativeTarget section */
		84807BBD2946D227008EABDF /* Dec-9-TableViewDEL-UPD */ = {
			isa = PBXNativeTarget;
			buildConfigurationList = 84807BD22946D227008EABDF /* Build configuration list for PBXNativeTarget "Dec-9-TableViewDEL-UPD" */;
			buildPhases = (
				84807BBA2946D227008EABDF /* Sources */,
				84807BBB2946D227008EABDF /* Frameworks */,
				84807BBC2946D227008EABDF /* Resources */,
			);
			buildRules = (
			);
			dependencies = (
			);
			name = "Dec-9-TableViewDEL-UPD";
			productName = "Dec-9-TableViewDEL-UPD";
			productReference = 84807BBE2946D227008EABDF /* Dec-9-TableViewDEL-UPD.app */;
			productType = "com.apple.product-type.application";
		};
/* End PBXNativeTarget section */

/* Begin PBXProject section */
		84807BB62946D227008EABDF /* Project object */ = {
			isa = PBXProject;
			attributes = {
				BuildIndependentTargetsInParallel = 1;
				LastSwiftUpdateCheck = 1340;
				LastUpgradeCheck = 1340;
				TargetAttributes = {
					84807BBD2946D227008EABDF = {
						CreatedOnToolsVersion = 13.4;
					};
				};
			};
			buildConfigurationList = 84807BB92946D227008EABDF /* Build configuration list for PBXProject "Dec-9-TableViewDEL-UPD" */;
			compatibilityVersion = "Xcode 13.0";
			developmentRegion = en;
			hasScannedForEncodings = 0;
			knownRegions = (
				en,
				Base,
			);
			mainGroup = 84807BB52946D227008EABDF;
			productRefGroup = 84807BBF2946D227008EABDF /* Products */;
			projectDirPath = "";
			projectRoot = "";
			targets = (
				84807BBD2946D227008EABDF /* Dec-9-TableViewDEL-UPD */,
			);
		};
/* End PBXProject section */

/* Begin PBXResourcesBuildPhase section */
		84807BBC2946D227008EABDF /* Resources */ = {
			isa = PBXResourcesBuildPhase;
			buildActionMask = 2147483647;
			files = (
				84807BCE2946D227008EABDF /* LaunchScreen.storyboard in Resources */,
				84807BCB2946D227008EABDF /* Assets.xcassets in Resources */,
				84807BC92946D227008EABDF /* Main.storyboard in Resources */,
			);
			runOnlyForDeploymentPostprocessing = 0;
		};
/* End PBXResourcesBuildPhase section */

/* Begin PBXSourcesBuildPhase section */
		84807BBA2946D227008EABDF /* Sources */ = {
			isa = PBXSourcesBuildPhase;
			buildActionMask = 2147483647;
			files = (
				84807BDC29473C96008EABDF /* secondVC.swift in Sources */,
				84807BDA294720A3008EABDF /* Constants.swift in Sources */,
				84807BC62946D227008EABDF /* firstVC.swift in Sources */,
				84807BD829471EFF008EABDF /* DataModel.swift in Sources */,
				84807BC22946D227008EABDF /* AppDelegate.swift in Sources */,
				84807BC42946D227008EABDF /* SceneDelegate.swift in Sources */,
			);
			runOnlyForDeploymentPostprocessing = 0;
		};
/* End PBXSourcesBuildPhase section */

/* Begin PBXVariantGroup section */
		84807BC72946D227008EABDF /* Main.storyboard */ = {
			isa = PBXVariantGroup;
			children = (
				84807BC82946D227008EABDF /* Base */,
			);
			name = Main.storyboard;
			sourceTree = "<group>";
		};
		84807BCC2946D227008EABDF /* LaunchScreen.storyboard */ = {
			isa = PBXVariantGroup;
			children = (
				84807BCD2946D227008EABDF /* Base */,
			);
			name = LaunchScreen.storyboard;
			sourceTree = "<group>";
		};
/* End PBXVariantGroup section */

/* Begin XCBuildConfiguration section */
		84807BD02946D227008EABDF /* Debug */ = {
			isa = XCBuildConfiguration;
			buildSettings = {
				ALWAYS_SEARCH_USER_PATHS = NO;
				CLANG_ANALYZER_NONNULL = YES;
				CLANG_ANALYZER_NUMBER_OBJECT_CONVERSION = YES_AGGRESSIVE;
				CLANG_CXX_LANGUAGE_STANDARD = "gnu++17";
				CLANG_ENABLE_MODULES = YES;
				CLANG_ENABLE_OBJC_ARC = YES;
				CLANG_ENABLE_OBJC_WEAK = YES;
				CLANG_WARN_BLOCK_CAPTURE_AUTORELEASING = YES;
				CLANG_WARN_BOOL_CONVERSION = YES;
				CLANG_WARN_COMMA = YES;
				CLANG_WARN_CONSTANT_CONVERSION = YES;
				CLANG_WARN_DEPRECATED_OBJC_IMPLEMENTATIONS = YES;
				CLANG_WARN_DIRECT_OBJC_ISA_USAGE = YES_ERROR;
				CLANG_WARN_DOCUMENTATION_COMMENTS = YES;
				CLANG_WARN_EMPTY_BODY = YES;
				CLANG_WARN_ENUM_CONVERSION = YES;
				CLANG_WARN_INFINITE_RECURSION = YES;
				CLANG_WARN_INT_CONVERSION = YES;
				CLANG_WARN_NON_LITERAL_NULL_CONVERSION = YES;
				CLANG_WARN_OBJC_IMPLICIT_RETAIN_SELF = YES;
				CLANG_WARN_OBJC_LITERAL_CONVERSION = YES;
				CLANG_WARN_OBJC_ROOT_CLASS = YES_ERROR;
				CLANG_WARN_QUOTED_INCLUDE_IN_FRAMEWORK_HEADER = YES;
				CLANG_WARN_RANGE_LOOP_ANALYSIS = YES;
				CLANG_WARN_STRICT_PROTOTYPES = YES;
				CLANG_WARN_SUSPICIOUS_MOVE = YES;
				CLANG_WARN_UNGUARDED_AVAILABILITY = YES_AGGRESSIVE;
				CLANG_WARN_UNREACHABLE_CODE = YES;
				CLANG_WARN__DUPLICATE_METHOD_MATCH = YES;
				COPY_PHASE_STRIP = NO;
				DEBUG_INFORMATION_FORMAT = dwarf;
				ENABLE_STRICT_OBJC_MSGSEND = YES;
				ENABLE_TESTABILITY = YES;
				GCC_C_LANGUAGE_STANDARD = gnu11;
				GCC_DYNAMIC_NO_PIC = NO;
				GCC_NO_COMMON_BLOCKS = YES;
				GCC_OPTIMIZATION_LEVEL = 0;
				GCC_PREPROCESSOR_DEFINITIONS = (
					"DEBUG=1",
					"$(inherited)",
				);
				GCC_WARN_64_TO_32_BIT_CONVERSION = YES;
				GCC_WARN_ABOUT_RETURN_TYPE = YES_ERROR;
				GCC_WARN_UNDECLARED_SELECTOR = YES;
				GCC_WARN_UNINITIALIZED_AUTOS = YES_AGGRESSIVE;
				GCC_WARN_UNUSED_FUNCTION = YES;
				GCC_WARN_UNUSED_VARIABLE = YES;
				IPHONEOS_DEPLOYMENT_TARGET = 15.5;
				MTL_ENABLE_DEBUG_INFO = INCLUDE_SOURCE;
				MTL_FAST_MATH = YES;
				ONLY_ACTIVE_ARCH = YES;
				SDKROOT = iphoneos;
				SWIFT_ACTIVE_COMPILATION_CONDITIONS = DEBUG;
				SWIFT_OPTIMIZATION_LEVEL = "-Onone";
			};
			name = Debug;
		};
		84807BD12946D227008EABDF /* Release */ = {
			isa = XCBuildConfiguration;
			buildSettings = {
				ALWAYS_SEARCH_USER_PATHS = NO;
				CLANG_ANALYZER_NONNULL = YES;
				CLANG_ANALYZER_NUMBER_OBJECT_CONVERSION = YES_AGGRESSIVE;
				CLANG_CXX_LANGUAGE_STANDARD = "gnu++17";
				CLANG_ENABLE_MODULES = YES;
				CLANG_ENABLE_OBJC_ARC = YES;
				CLANG_ENABLE_OBJC_WEAK = YES;
				CLANG_WARN_BLOCK_CAPTURE_AUTORELEASING = YES;
				CLANG_WARN_BOOL_CONVERSION = YES;
				CLANG_WARN_COMMA = YES;
				CLANG_WARN_CONSTANT_CONVERSION = YES;
				CLANG_WARN_DEPRECATED_OBJC_IMPLEMENTATIONS = YES;
				CLANG_WARN_DIRECT_OBJC_ISA_USAGE = YES_ERROR;
				CLANG_WARN_DOCUMENTATION_COMMENTS = YES;
				CLANG_WARN_EMPTY_BODY = YES;
				CLANG_WARN_ENUM_CONVERSION = YES;
				CLANG_WARN_INFINITE_RECURSION = YES;
				CLANG_WARN_INT_CONVERSION = YES;
				CLANG_WARN_NON_LITERAL_NULL_CONVERSION = YES;
				CLANG_WARN_OBJC_IMPLICIT_RETAIN_SELF = YES;
				CLANG_WARN_OBJC_LITERAL_CONVERSION = YES;
				CLANG_WARN_OBJC_ROOT_CLASS = YES_ERROR;
				CLANG_WARN_QUOTED_INCLUDE_IN_FRAMEWORK_HEADER = YES;
				CLANG_WARN_RANGE_LOOP_ANALYSIS = YES;
				CLANG_WARN_STRICT_PROTOTYPES = YES;
				CLANG_WARN_SUSPICIOUS_MOVE = YES;
				CLANG_WARN_UNGUARDED_AVAILABILITY = YES_AGGRESSIVE;
				CLANG_WARN_UNREACHABLE_CODE = YES;
				CLANG_WARN__DUPLICATE_METHOD_MATCH = YES;
				COPY_PHASE_STRIP = NO;
				DEBUG_INFORMATION_FORMAT = "dwarf-with-dsym";
				ENABLE_NS_ASSERTIONS = NO;
				ENABLE_STRICT_OBJC_MSGSEND = YES;
				GCC_C_LANGUAGE_STANDARD = gnu11;
				GCC_NO_COMMON_BLOCKS = YES;
				GCC_WARN_64_TO_32_BIT_CONVERSION = YES;
				GCC_WARN_ABOUT_RETURN_TYPE = YES_ERROR;
				GCC_WARN_UNDECLARED_SELECTOR = YES;
				GCC_WARN_UNINITIALIZED_AUTOS = YES_AGGRESSIVE;
				GCC_WARN_UNUSED_FUNCTION = YES;
				GCC_WARN_UNUSED_VARIABLE = YES;
				IPHONEOS_DEPLOYMENT_TARGET = 15.5;
				MTL_ENABLE_DEBUG_INFO = NO;
				MTL_FAST_MATH = YES;
				SDKROOT = iphoneos;
				SWIFT_COMPILATION_MODE = wholemodule;
				SWIFT_OPTIMIZATION_LEVEL = "-O";
				VALIDATE_PRODUCT = YES;
			};
			name = Release;
		};
		84807BD32946D227008EABDF /* Debug */ = {
			isa = XCBuildConfiguration;
			buildSettings = {
				ASSETCATALOG_COMPILER_APPICON_NAME = AppIcon;
				ASSETCATALOG_COMPILER_GLOBAL_ACCENT_COLOR_NAME = AccentColor;
				CODE_SIGN_STYLE = Automatic;
				CURRENT_PROJECT_VERSION = 1;
				GENERATE_INFOPLIST_FILE = YES;
				INFOPLIST_FILE = "Dec-9-TableViewDEL-UPD/Info.plist";
				INFOPLIST_KEY_UIApplicationSupportsIndirectInputEvents = YES;
				INFOPLIST_KEY_UILaunchStoryboardName = LaunchScreen;
				INFOPLIST_KEY_UIMainStoryboardFile = Main;
				INFOPLIST_KEY_UISupportedInterfaceOrientations_iPad = "UIInterfaceOrientationPortrait UIInterfaceOrientationPortraitUpsideDown UIInterfaceOrientationLandscapeLeft UIInterfaceOrientationLandscapeRight";
				INFOPLIST_KEY_UISupportedInterfaceOrientations_iPhone = "UIInterfaceOrientationPortrait UIInterfaceOrientationLandscapeLeft UIInterfaceOrientationLandscapeRight";
				LD_RUNPATH_SEARCH_PATHS = (
					"$(inherited)",
					"@executable_path/Frameworks",
				);
				MARKETING_VERSION = 1.0;
				PRODUCT_BUNDLE_IDENTIFIER = "com.new.Demo.Dec-9-TableViewDEL-UPD";
				PRODUCT_NAME = "$(TARGET_NAME)";
				SWIFT_EMIT_LOC_STRINGS = YES;
				SWIFT_VERSION = 5.0;
				TARGETED_DEVICE_FAMILY = "1,2";
			};
			name = Debug;
		};
		84807BD42946D227008EABDF /* Release */ = {
			isa = XCBuildConfiguration;
			buildSettings = {
				ASSETCATALOG_COMPILER_APPICON_NAME = AppIcon;
				ASSETCATALOG_COMPILER_GLOBAL_ACCENT_COLOR_NAME = AccentColor;
				CODE_SIGN_STYLE = Automatic;
				CURRENT_PROJECT_VERSION = 1;
				GENERATE_INFOPLIST_FILE = YES;
				INFOPLIST_FILE = "Dec-9-TableViewDEL-UPD/Info.plist";
				INFOPLIST_KEY_UIApplicationSupportsIndirectInputEvents = YES;
				INFOPLIST_KEY_UILaunchStoryboardName = LaunchScreen;
				INFOPLIST_KEY_UIMainStoryboardFile = Main;
				INFOPLIST_KEY_UISupportedInterfaceOrientations_iPad = "UIInterfaceOrientationPortrait UIInterfaceOrientationPortraitUpsideDown UIInterfaceOrientationLandscapeLeft UIInterfaceOrientationLandscapeRight";
				INFOPLIST_KEY_UISupportedInterfaceOrientations_iPhone = "UIInterfaceOrientationPortrait UIInterfaceOrientationLandscapeLeft UIInterfaceOrientationLandscapeRight";
				LD_RUNPATH_SEARCH_PATHS = (
					"$(inherited)",
					"@executable_path/Frameworks",
				);
				MARKETING_VERSION = 1.0;
				PRODUCT_BUNDLE_IDENTIFIER = "com.new.Demo.Dec-9-TableViewDEL-UPD";
				PRODUCT_NAME = "$(TARGET_NAME)";
				SWIFT_EMIT_LOC_STRINGS = YES;
				SWIFT_VERSION = 5.0;
				TARGETED_DEVICE_FAMILY = "1,2";
			};
			name = Release;
		};
/* End XCBuildConfiguration section */

/* Begin XCConfigurationList section */
		84807BB92946D227008EABDF /* Build configuration list for PBXProject "Dec-9-TableViewDEL-UPD" */ = {
			isa = XCConfigurationList;
			buildConfigurations = (
				84807BD02946D227008EABDF /* Debug */,
				84807BD12946D227008EABDF /* Release */,
			);
			defaultConfigurationIsVisible = 0;
			defaultConfigurationName = Release;
		};
		84807BD22946D227008EABDF /* Build configuration list for PBXNativeTarget "Dec-9-TableViewDEL-UPD" */ = {
			isa = XCConfigurationList;
			buildConfigurations = (
				84807BD32946D227008EABDF /* Debug */,
				84807BD42946D227008EABDF /* Release */,
			);
			defaultConfigurationIsVisible = 0;
			defaultConfigurationName = Release;
		};
/* End XCConfigurationList section */
	};
	rootObject = 84807BB62946D227008EABDF /* Project object */;
}
